var.project
  Your GCP Project ID

  Enter a value: zoom-338716


Terraform used the selected providers to generate the following execution plan. Resource actions are indicated with the
following symbols:
  + create

Terraform will perform the following actions:

  # google_bigquery_dataset.dataset will be created
  + resource "google_bigquery_dataset" "dataset" {
      + creation_time              = (known after apply)
      + dataset_id                 = "trips_data_all"
      + delete_contents_on_destroy = false
      + etag                       = (known after apply)
      + id                         = (known after apply)
      + last_modified_time         = (known after apply)
      + location                   = "europe-north1"
      + project                    = "zoom-338716"
      + self_link                  = (known after apply)

      + access {
          + domain         = (known after apply)
          + group_by_email = (known after apply)
          + role           = (known after apply)
          + special_group  = (known after apply)
          + user_by_email  = (known after apply)

          + view {
              + dataset_id = (known after apply)
              + project_id = (known after apply)
              + table_id   = (known after apply)
            }
        }
    }

  # google_storage_bucket.data-lake-bucket will be created
  + resource "google_storage_bucket" "data-lake-bucket" {
      + force_destroy               = true
      + id                          = (known after apply)
      + location                    = "EUROPE-NORTH1"
      + name                        = "dtc_data_lake_zoom-338716"
      + project                     = (known after apply)
      + self_link                   = (known after apply)
      + storage_class               = "STANDARD"
      + uniform_bucket_level_access = true
      + url                         = (known after apply)

      + lifecycle_rule {
          + action {
              + type = "Delete"
            }

          + condition {
              + age                   = 30
              + matches_storage_class = []
              + with_state            = (known after apply)
            }
        }

      + versioning {
          + enabled = true
        }
    }

Plan: 2 to add, 0 to change, 0 to destroy.

Do you want to perform these actions?
  Terraform will perform the actions described above.
  Only 'yes' will be accepted to approve.

  Enter a value: yes

google_bigquery_dataset.dataset: Creating...
google_storage_bucket.data-lake-bucket: Creating...
google_storage_bucket.data-lake-bucket: Creation complete after 1s [id=dtc_data_lake_zoom-338716]
google_bigquery_dataset.dataset: Creation complete after 1s [id=projects/zoom-338716/datasets/trips_data_all]

Apply complete! Resources: 2 added, 0 changed, 0 destroyed.